// !$*UTF8*$!
{
	archiveVersion = 1;
	classes = {
	};
	objectVersion = 50;
	objects = {

/* Begin PBXBuildFile section */
		B509B44A23EAD60600577C34 /* Bullseye.html in Resources */ = {isa = PBXBuildFile; fileRef = B509B44923EAD60600577C34 /* Bullseye.html */; };
		B52137C623DA96E700861566 /* AppDelegate.swift in Sources */ = {isa = PBXBuildFile; fileRef = B52137C523DA96E700861566 /* AppDelegate.swift */; };
		B52137C823DA96E700861566 /* SceneDelegate.swift in Sources */ = {isa = PBXBuildFile; fileRef = B52137C723DA96E700861566 /* SceneDelegate.swift */; };
		B52137CA23DA96E700861566 /* ViewController.swift in Sources */ = {isa = PBXBuildFile; fileRef = B52137C923DA96E700861566 /* ViewController.swift */; };
		B52137CD23DA96E700861566 /* Main.storyboard in Resources */ = {isa = PBXBuildFile; fileRef = B52137CB23DA96E700861566 /* Main.storyboard */; };
		B52137CF23DA96E900861566 /* Assets.xcassets in Resources */ = {isa = PBXBuildFile; fileRef = B52137CE23DA96E900861566 /* Assets.xcassets */; };
		B52137D223DA96E900861566 /* LaunchScreen.storyboard in Resources */ = {isa = PBXBuildFile; fileRef = B52137D023DA96E900861566 /* LaunchScreen.storyboard */; };
		B52137DD23DA96EA00861566 /* BE_UIKitTests.swift in Sources */ = {isa = PBXBuildFile; fileRef = B52137DC23DA96EA00861566 /* BE_UIKitTests.swift */; };
		B52137E823DA96EA00861566 /* BE_UIKitUITests.swift in Sources */ = {isa = PBXBuildFile; fileRef = B52137E723DA96EA00861566 /* BE_UIKitUITests.swift */; };
		B598A53F23DC222E009E26F6 /* AboutViewController.swift in Sources */ = {isa = PBXBuildFile; fileRef = B598A53E23DC222E009E26F6 /* AboutViewController.swift */; };
/* End PBXBuildFile section */

/* Begin PBXContainerItemProxy section */
		B52137D923DA96EA00861566 /* PBXContainerItemProxy */ = {
			isa = PBXContainerItemProxy;
			containerPortal = B52137BA23DA96E700861566 /* Project object */;
			proxyType = 1;
			remoteGlobalIDString = B52137C123DA96E700861566;
			remoteInfo = BE_UIKit;
		};
		B52137E423DA96EA00861566 /* PBXContainerItemProxy */ = {
			isa = PBXContainerItemProxy;
			containerPortal = B52137BA23DA96E700861566 /* Project object */;
			proxyType = 1;
			remoteGlobalIDString = B52137C123DA96E700861566;
			remoteInfo = BE_UIKit;
		};
/* End PBXContainerItemProxy section */

/* Begin PBXFileReference section */
		B509B44923EAD60600577C34 /* Bullseye.html */ = {isa = PBXFileReference; fileEncoding = 4; lastKnownFileType = text.html; path = Bullseye.html; sourceTree = "<group>"; };
		B52137C223DA96E700861566 /* BE_UIKit.app */ = {isa = PBXFileReference; explicitFileType = wrapper.application; includeInIndex = 0; path = BE_UIKit.app; sourceTree = BUILT_PRODUCTS_DIR; };
		B52137C523DA96E700861566 /* AppDelegate.swift */ = {isa = PBXFileReference; lastKnownFileType = sourcecode.swift; path = AppDelegate.swift; sourceTree = "<group>"; };
		B52137C723DA96E700861566 /* SceneDelegate.swift */ = {isa = PBXFileReference; lastKnownFileType = sourcecode.swift; path = SceneDelegate.swift; sourceTree = "<group>"; };
		B52137C923DA96E700861566 /* ViewController.swift */ = {isa = PBXFileReference; lastKnownFileType = sourcecode.swift; path = ViewController.swift; sourceTree = "<group>"; };
		B52137CC23DA96E700861566 /* Base */ = {isa = PBXFileReference; lastKnownFileType = file.storyboard; name = Base; path = Base.lproj/Main.storyboard; sourceTree = "<group>"; };
		B52137CE23DA96E900861566 /* Assets.xcassets */ = {isa = PBXFileReference; lastKnownFileType = folder.assetcatalog; path = Assets.xcassets; sourceTree = "<group>"; };
		B52137D123DA96E900861566 /* Base */ = {isa = PBXFileReference; lastKnownFileType = file.storyboard; name = Base; path = Base.lproj/LaunchScreen.storyboard; sourceTree = "<group>"; };
		B52137D323DA96E900861566 /* Info.plist */ = {isa = PBXFileReference; lastKnownFileType = text.plist.xml; path = Info.plist; sourceTree = "<group>"; };
		B52137D823DA96EA00861566 /* BE_UIKitTests.xctest */ = {isa = PBXFileReference; explicitFileType = wrapper.cfbundle; includeInIndex = 0; path = BE_UIKitTests.xctest; sourceTree = BUILT_PRODUCTS_DIR; };
		B52137DC23DA96EA00861566 /* BE_UIKitTests.swift */ = {isa = PBXFileReference; lastKnownFileType = sourcecode.swift; path = BE_UIKitTests.swift; sourceTree = "<group>"; };
		B52137DE23DA96EA00861566 /* Info.plist */ = {isa = PBXFileReference; lastKnownFileType = text.plist.xml; path = Info.plist; sourceTree = "<group>"; };
		B52137E323DA96EA00861566 /* BE_UIKitUITests.xctest */ = {isa = PBXFileReference; explicitFileType = wrapper.cfbundle; includeInIndex = 0; path = BE_UIKitUITests.xctest; sourceTree = BUILT_PRODUCTS_DIR; };
		B52137E723DA96EA00861566 /* BE_UIKitUITests.swift */ = {isa = PBXFileReference; lastKnownFileType = sourcecode.swift; path = BE_UIKitUITests.swift; sourceTree = "<group>"; };
		B52137E923DA96EA00861566 /* Info.plist */ = {isa = PBXFileReference; lastKnownFileType = text.plist.xml; path = Info.plist; sourceTree = "<group>"; };
		B598A53E23DC222E009E26F6 /* AboutViewController.swift */ = {isa = PBXFileReference; lastKnownFileType = sourcecode.swift; path = AboutViewController.swift; sourceTree = "<group>"; };
/* End PBXFileReference section */

/* Begin PBXFrameworksBuildPhase section */
		B52137BF23DA96E700861566 /* Frameworks */ = {
			isa = PBXFrameworksBuildPhase;
			buildActionMask = 2147483647;
			files = (
			);
			runOnlyForDeploymentPostprocessing = 0;
		};
		B52137D523DA96EA00861566 /* Frameworks */ = {
			isa = PBXFrameworksBuildPhase;
			buildActionMask = 2147483647;
			files = (
			);
			runOnlyForDeploymentPostprocessing = 0;
		};
		B52137E023DA96EA00861566 /* Frameworks */ = {
			isa = PBXFrameworksBuildPhase;
			buildActionMask = 2147483647;
			files = (
			);
			runOnlyForDeploymentPostprocessing = 0;
		};
/* End PBXFrameworksBuildPhase section */

/* Begin PBXGroup section */
		B52137B923DA96E700861566 = {
			isa = PBXGroup;
			children = (
				B52137C423DA96E700861566 /* BE_UIKit */,
				B52137DB23DA96EA00861566 /* BE_UIKitTests */,
				B52137E623DA96EA00861566 /* BE_UIKitUITests */,
				B52137C323DA96E700861566 /* Products */,
			);
			sourceTree = "<group>";
		};
		B52137C323DA96E700861566 /* Products */ = {
			isa = PBXGroup;
			children = (
				B52137C223DA96E700861566 /* BE_UIKit.app */,
				B52137D823DA96EA00861566 /* BE_UIKitTests.xctest */,
				B52137E323DA96EA00861566 /* BE_UIKitUITests.xctest */,
			);
			name = Products;
			sourceTree = "<group>";
		};
		B52137C423DA96E700861566 /* BE_UIKit */ = {
			isa = PBXGroup;
			children = (
				B52137C523DA96E700861566 /* AppDelegate.swift */,
				B52137C723DA96E700861566 /* SceneDelegate.swift */,
				B52137C923DA96E700861566 /* ViewController.swift */,
				B598A53E23DC222E009E26F6 /* AboutViewController.swift */,
				B52137CB23DA96E700861566 /* Main.storyboard */,
				B52137CE23DA96E900861566 /* Assets.xcassets */,
				B52137D023DA96E900861566 /* LaunchScreen.storyboard */,
				B509B44923EAD60600577C34 /* Bullseye.html */,
				B52137D323DA96E900861566 /* Info.plist */,
			);
			path = BE_UIKit;
			sourceTree = "<group>";
		};
		B52137DB23DA96EA00861566 /* BE_UIKitTests */ = {
			isa = PBXGroup;
			children = (
				B52137DC23DA96EA00861566 /* BE_UIKitTests.swift */,
				B52137DE23DA96EA00861566 /* Info.plist */,
			);
			path = BE_UIKitTests;
			sourceTree = "<group>";
		};
		B52137E623DA96EA00861566 /* BE_UIKitUITests */ = {
			isa = PBXGroup;
			children = (
				B52137E723DA96EA00861566 /* BE_UIKitUITests.swift */,
				B52137E923DA96EA00861566 /* Info.plist */,
			);
			path = BE_UIKitUITests;
			sourceTree = "<group>";
		};
/* End PBXGroup section */

/* Begin PBXNativeTarget section */
		B52137C123DA96E700861566 /* BE_UIKit */ = {
			isa = PBXNativeTarget;
			buildConfigurationList = B52137EC23DA96EA00861566 /* Build configuration list for PBXNativeTarget "BE_UIKit" */;
			buildPhases = (
				B52137BE23DA96E700861566 /* Sources */,
				B52137BF23DA96E700861566 /* Frameworks */,
				B52137C023DA96E700861566 /* Resources */,
			);
			buildRules = (
			);
			dependencies = (
			);
			name = BE_UIKit;
			productName = BE_UIKit;
			productReference = B52137C223DA96E700861566 /* BE_UIKit.app */;
			productType = "com.apple.product-type.application";
		};
		B52137D723DA96EA00861566 /* BE_UIKitTests */ = {
			isa = PBXNativeTarget;
			buildConfigurationList = B52137EF23DA96EA00861566 /* Build configuration list for PBXNativeTarget "BE_UIKitTests" */;
			buildPhases = (
				B52137D423DA96EA00861566 /* Sources */,
				B52137D523DA96EA00861566 /* Frameworks */,
				B52137D623DA96EA00861566 /* Resources */,
			);
			buildRules = (
			);
			dependencies = (
				B52137DA23DA96EA00861566 /* PBXTargetDependency */,
			);
			name = BE_UIKitTests;
			productName = BE_UIKitTests;
			productReference = B52137D823DA96EA00861566 /* BE_UIKitTests.xctest */;
			productType = "com.apple.product-type.bundle.unit-test";
		};
		B52137E223DA96EA00861566 /* BE_UIKitUITests */ = {
			isa = PBXNativeTarget;
			buildConfigurationList = B52137F223DA96EA00861566 /* Build configuration list for PBXNativeTarget "BE_UIKitUITests" */;
			buildPhases = (
				B52137DF23DA96EA00861566 /* Sources */,
				B52137E023DA96EA00861566 /* Frameworks */,
				B52137E123DA96EA00861566 /* Resources */,
			);
			buildRules = (
			);
			dependencies = (
				B52137E523DA96EA00861566 /* PBXTargetDependency */,
			);
			name = BE_UIKitUITests;
			productName = BE_UIKitUITests;
			productReference = B52137E323DA96EA00861566 /* BE_UIKitUITests.xctest */;
			productType = "com.apple.product-type.bundle.ui-testing";
		};
/* End PBXNativeTarget section */

/* Begin PBXProject section */
		B52137BA23DA96E700861566 /* Project object */ = {
			isa = PBXProject;
			attributes = {
				LastSwiftUpdateCheck = 1130;
				LastUpgradeCheck = 1130;
				ORGANIZATIONNAME = gred;
				TargetAttributes = {
					B52137C123DA96E700861566 = {
						CreatedOnToolsVersion = 11.3;
					};
					B52137D723DA96EA00861566 = {
						CreatedOnToolsVersion = 11.3;
						TestTargetID = B52137C123DA96E700861566;
					};
					B52137E223DA96EA00861566 = {
						CreatedOnToolsVersion = 11.3;
						TestTargetID = B52137C123DA96E700861566;
					};
				};
			};
			buildConfigurationList = B52137BD23DA96E700861566 /* Build configuration list for PBXProject "BE_UIKit" */;
			compatibilityVersion = "Xcode 9.3";
			developmentRegion = en;
			hasScannedForEncodings = 0;
			knownRegions = (
				en,
				Base,
			);
			mainGroup = B52137B923DA96E700861566;
			productRefGroup = B52137C323DA96E700861566 /* Products */;
			projectDirPath = "";
			projectRoot = "";
			targets = (
				B52137C123DA96E700861566 /* BE_UIKit */,
				B52137D723DA96EA00861566 /* BE_UIKitTests */,
				B52137E223DA96EA00861566 /* BE_UIKitUITests */,
			);
		};
/* End PBXProject section */

/* Begin PBXResourcesBuildPhase section */
		B52137C023DA96E700861566 /* Resources */ = {
			isa = PBXResourcesBuildPhase;
			buildActionMask = 2147483647;
			files = (
				B52137D223DA96E900861566 /* LaunchScreen.storyboard in Resources */,
				B509B44A23EAD60600577C34 /* Bullseye.html in Resources */,
				B52137CF23DA96E900861566 /* Assets.xcassets in Resources */,
				B52137CD23DA96E700861566 /* Main.storyboard in Resources */,
			);
			runOnlyForDeploymentPostprocessing = 0;
		};
		B52137D623DA96EA00861566 /* Resources */ = {
			isa = PBXResourcesBuildPhase;
			buildActionMask = 2147483647;
			files = (
			);
			runOnlyForDeploymentPostprocessing = 0;
		};
		B52137E123DA96EA00861566 /* Resources */ = {
			isa = PBXResourcesBuildPhase;
			buildActionMask = 2147483647;
			files = (
			);
			runOnlyForDeploymentPostprocessing = 0;
		};
/* End PBXResourcesBuildPhase section */

/* Begin PBXSourcesBuildPhase section */
		B52137BE23DA96E700861566 /* Sources */ = {
			isa = PBXSourcesBuildPhase;
			buildActionMask = 2147483647;
			files = (
				B52137CA23DA96E700861566 /* ViewController.swift in Sources */,
				B52137C623DA96E700861566 /* AppDelegate.swift in Sources */,
				B598A53F23DC222E009E26F6 /* AboutViewController.swift in Sources */,
				B52137C823DA96E700861566 /* SceneDelegate.swift in Sources */,
			);
			runOnlyForDeploymentPostprocessing = 0;
		};
		B52137D423DA96EA00861566 /* Sources */ = {
			isa = PBXSourcesBuildPhase;
			buildActionMask = 2147483647;
			files = (
				B52137DD23DA96EA00861566 /* BE_UIKitTests.swift in Sources */,
			);
			runOnlyForDeploymentPostprocessing = 0;
		};
		B52137DF23DA96EA00861566 /* Sources */ = {
			isa = PBXSourcesBuildPhase;
			buildActionMask = 2147483647;
			files = (
				B52137E823DA96EA00861566 /* BE_UIKitUITests.swift in Sources */,
			);
			runOnlyForDeploymentPostprocessing = 0;
		};
/* End PBXSourcesBuildPhase section */

/* Begin PBXTargetDependency section */
		B52137DA23DA96EA00861566 /* PBXTargetDependency */ = {
			isa = PBXTargetDependency;
			target = B52137C123DA96E700861566 /* BE_UIKit */;
			targetProxy = B52137D923DA96EA00861566 /* PBXContainerItemProxy */;
		};
		B52137E523DA96EA00861566 /* PBXTargetDependency */ = {
			isa = PBXTargetDependency;
			target = B52137C123DA96E700861566 /* BE_UIKit */;
			targetProxy = B52137E423DA96EA00861566 /* PBXContainerItemProxy */;
		};
/* End PBXTargetDependency section */

/* Begin PBXVariantGroup section */
		B52137CB23DA96E700861566 /* Main.storyboard */ = {
			isa = PBXVariantGroup;
			children = (
				B52137CC23DA96E700861566 /* Base */,
			);
			name = Main.storyboard;
			sourceTree = "<group>";
		};
		B52137D023DA96E900861566 /* LaunchScreen.storyboard */ = {
			isa = PBXVariantGroup;
			children = (
				B52137D123DA96E900861566 /* Base */,
			);
			name = LaunchScreen.storyboard;
			sourceTree = "<group>";
		};
/* End PBXVariantGroup section */

/* Begin XCBuildConfiguration section */
		B52137EA23DA96EA00861566 /* Debug */ = {
			isa = XCBuildConfiguration;
			buildSettings = {
				ALWAYS_SEARCH_USER_PATHS = NO;
				CLANG_ANALYZER_NONNULL = YES;
				CLANG_ANALYZER_NUMBER_OBJECT_CONVERSION = YES_AGGRESSIVE;
				CLANG_CXX_LANGUAGE_STANDARD = "gnu++14";
				CLANG_CXX_LIBRARY = "libc++";
				CLANG_ENABLE_MODULES = YES;
				CLANG_ENABLE_OBJC_ARC = YES;
				CLANG_ENABLE_OBJC_WEAK = YES;
				CLANG_WARN_BLOCK_CAPTURE_AUTORELEASING = YES;
				CLANG_WARN_BOOL_CONVERSION = YES;
				CLANG_WARN_COMMA = YES;
				CLANG_WARN_CONSTANT_CONVERSION = YES;
				CLANG_WARN_DEPRECATED_OBJC_IMPLEMENTATIONS = YES;
				CLANG_WARN_DIRECT_OBJC_ISA_USAGE = YES_ERROR;
				CLANG_WARN_DOCUMENTATION_COMMENTS = YES;
				CLANG_WARN_EMPTY_BODY = YES;
				CLANG_WARN_ENUM_CONVERSION = YES;
				CLANG_WARN_INFINITE_RECURSION = YES;
				CLANG_WARN_INT_CONVERSION = YES;
				CLANG_WARN_NON_LITERAL_NULL_CONVERSION = YES;
				CLANG_WARN_OBJC_IMPLICIT_RETAIN_SELF = YES;
				CLANG_WARN_OBJC_LITERAL_CONVERSION = YES;
				CLANG_WARN_OBJC_ROOT_CLASS = YES_ERROR;
				CLANG_WARN_RANGE_LOOP_ANALYSIS = YES;
				CLANG_WARN_STRICT_PROTOTYPES = YES;
				CLANG_WARN_SUSPICIOUS_MOVE = YES;
				CLANG_WARN_UNGUARDED_AVAILABILITY = YES_AGGRESSIVE;
				CLANG_WARN_UNREACHABLE_CODE = YES;
				CLANG_WARN__DUPLICATE_METHOD_MATCH = YES;
				COPY_PHASE_STRIP = NO;
				DEBUG_INFORMATION_FORMAT = dwarf;
				ENABLE_STRICT_OBJC_MSGSEND = YES;
				ENABLE_TESTABILITY = YES;
				GCC_C_LANGUAGE_STANDARD = gnu11;
				GCC_DYNAMIC_NO_PIC = NO;
				GCC_NO_COMMON_BLOCKS = YES;
				GCC_OPTIMIZATION_LEVEL = 0;
				GCC_PREPROCESSOR_DEFINITIONS = (
					"DEBUG=1",
					"$(inherited)",
				);
				GCC_WARN_64_TO_32_BIT_CONVERSION = YES;
				GCC_WARN_ABOUT_RETURN_TYPE = YES_ERROR;
				GCC_WARN_UNDECLARED_SELECTOR = YES;
				GCC_WARN_UNINITIALIZED_AUTOS = YES_AGGRESSIVE;
				GCC_WARN_UNUSED_FUNCTION = YES;
				GCC_WARN_UNUSED_VARIABLE = YES;
				IPHONEOS_DEPLOYMENT_TARGET = 13.2;
				MTL_ENABLE_DEBUG_INFO = INCLUDE_SOURCE;
				MTL_FAST_MATH = YES;
				ONLY_ACTIVE_ARCH = YES;
				SDKROOT = iphoneos;
				SWIFT_ACTIVE_COMPILATION_CONDITIONS = DEBUG;
				SWIFT_OPTIMIZATION_LEVEL = "-Onone";
			};
			name = Debug;
		};
		B52137EB23DA96EA00861566 /* Release */ = {
			isa = XCBuildConfiguration;
			buildSettings = {
				ALWAYS_SEARCH_USER_PATHS = NO;
				CLANG_ANALYZER_NONNULL = YES;
				CLANG_ANALYZER_NUMBER_OBJECT_CONVERSION = YES_AGGRESSIVE;
				CLANG_CXX_LANGUAGE_STANDARD = "gnu++14";
				CLANG_CXX_LIBRARY = "libc++";
				CLANG_ENABLE_MODULES = YES;
				CLANG_ENABLE_OBJC_ARC = YES;
				CLANG_ENABLE_OBJC_WEAK = YES;
				CLANG_WARN_BLOCK_CAPTURE_AUTORELEASING = YES;
				CLANG_WARN_BOOL_CONVERSION = YES;
				CLANG_WARN_COMMA = YES;
				CLANG_WARN_CONSTANT_CONVERSION = YES;
				CLANG_WARN_DEPRECATED_OBJC_IMPLEMENTATIONS = YES;
				CLANG_WARN_DIRECT_OBJC_ISA_USAGE = YES_ERROR;
				CLANG_WARN_DOCUMENTATION_COMMENTS = YES;
				CLANG_WARN_EMPTY_BODY = YES;
				CLANG_WARN_ENUM_CONVERSION = YES;
				CLANG_WARN_INFINITE_RECURSION = YES;
				CLANG_WARN_INT_CONVERSION = YES;
				CLANG_WARN_NON_LITERAL_NULL_CONVERSION = YES;
				CLANG_WARN_OBJC_IMPLICIT_RETAIN_SELF = YES;
				CLANG_WARN_OBJC_LITERAL_CONVERSION = YES;
				CLANG_WARN_OBJC_ROOT_CLASS = YES_ERROR;
				CLANG_WARN_RANGE_LOOP_ANALYSIS = YES;
				CLANG_WARN_STRICT_PROTOTYPES = YES;
				CLANG_WARN_SUSPICIOUS_MOVE = YES;
				CLANG_WARN_UNGUARDED_AVAILABILITY = YES_AGGRESSIVE;
				CLANG_WARN_UNREACHABLE_CODE = YES;
				CLANG_WARN__DUPLICATE_METHOD_MATCH = YES;
				COPY_PHASE_STRIP = NO;
				DEBUG_INFORMATION_FORMAT = "dwarf-with-dsym";
				ENABLE_NS_ASSERTIONS = NO;
				ENABLE_STRICT_OBJC_MSGSEND = YES;
				GCC_C_LANGUAGE_STANDARD = gnu11;
				GCC_NO_COMMON_BLOCKS = YES;
				GCC_WARN_64_TO_32_BIT_CONVERSION = YES;
				GCC_WARN_ABOUT_RETURN_TYPE = YES_ERROR;
				GCC_WARN_UNDECLARED_SELECTOR = YES;
				GCC_WARN_UNINITIALIZED_AUTOS = YES_AGGRESSIVE;
				GCC_WARN_UNUSED_FUNCTION = YES;
				GCC_WARN_UNUSED_VARIABLE = YES;
				IPHONEOS_DEPLOYMENT_TARGET = 13.2;
				MTL_ENABLE_DEBUG_INFO = NO;
				MTL_FAST_MATH = YES;
				SDKROOT = iphoneos;
				SWIFT_COMPILATION_MODE = wholemodule;
				SWIFT_OPTIMIZATION_LEVEL = "-O";
				VALIDATE_PRODUCT = YES;
			};
			name = Release;
		};
		B52137ED23DA96EA00861566 /* Debug */ = {
			isa = XCBuildConfiguration;
			buildSettings = {
				ASSETCATALOG_COMPILER_APPICON_NAME = AppIcon;
				CODE_SIGN_STYLE = Automatic;
				INFOPLIST_FILE = BE_UIKit/Info.plist;
				LD_RUNPATH_SEARCH_PATHS = (
					"$(inherited)",
					"@executable_path/Frameworks",
				);
				PRODUCT_BUNDLE_IDENTIFIER = "com.gred.leetcode.BE-UIKit";
				PRODUCT_NAME = "$(TARGET_NAME)";
				SWIFT_VERSION = 5.0;
				TARGETED_DEVICE_FAMILY = "1,2";
			};
			name = Debug;
		};
		B52137EE23DA96EA00861566 /* Release */ = {
			isa = XCBuildConfiguration;
			buildSettings = {
				ASSETCATALOG_COMPILER_APPICON_NAME = AppIcon;
				CODE_SIGN_STYLE = Automatic;
				INFOPLIST_FILE = BE_UIKit/Info.plist;
				LD_RUNPATH_SEARCH_PATHS = (
					"$(inherited)",
					"@executable_path/Frameworks",
				);
				PRODUCT_BUNDLE_IDENTIFIER = "com.gred.leetcode.BE-UIKit";
				PRODUCT_NAME = "$(TARGET_NAME)";
				SWIFT_VERSION = 5.0;
				TARGETED_DEVICE_FAMILY = "1,2";
			};
			name = Release;
		};
		B52137F023DA96EA00861566 /* Debug */ = {
			isa = XCBuildConfiguration;
			buildSettings = {
				ALWAYS_EMBED_SWIFT_STANDARD_LIBRARIES = YES;
				BUNDLE_LOADER = "$(TEST_HOST)";
				CODE_SIGN_STYLE = Automatic;
				INFOPLIST_FILE = BE_UIKitTests/Info.plist;
				IPHONEOS_DEPLOYMENT_TARGET = 13.2;
				LD_RUNPATH_SEARCH_PATHS = (
					"$(inherited)",
					"@executable_path/Frameworks",
					"@loader_path/Frameworks",
				);
				PRODUCT_BUNDLE_IDENTIFIER = "com.gred.leetcode.BE-UIKitTests";
				PRODUCT_NAME = "$(TARGET_NAME)";
				SWIFT_VERSION = 5.0;
				TARGETED_DEVICE_FAMILY = "1,2";
				TEST_HOST = "$(BUILT_PRODUCTS_DIR)/BE_UIKit.app/BE_UIKit";
			};
			name = Debug;
		};
		B52137F123DA96EA00861566 /* Release */ = {
			isa = XCBuildConfiguration;
			buildSettings = {
				ALWAYS_EMBED_SWIFT_STANDARD_LIBRARIES = YES;
				BUNDLE_LOADER = "$(TEST_HOST)";
				CODE_SIGN_STYLE = Automatic;
				INFOPLIST_FILE = BE_UIKitTests/Info.plist;
				IPHONEOS_DEPLOYMENT_TARGET = 13.2;
				LD_RUNPATH_SEARCH_PATHS = (
					"$(inherited)",
					"@executable_path/Frameworks",
					"@loader_path/Frameworks",
				);
				PRODUCT_BUNDLE_IDENTIFIER = "com.gred.leetcode.BE-UIKitTests";
				PRODUCT_NAME = "$(TARGET_NAME)";
				SWIFT_VERSION = 5.0;
				TARGETED_DEVICE_FAMILY = "1,2";
				TEST_HOST = "$(BUILT_PRODUCTS_DIR)/BE_UIKit.app/BE_UIKit";
			};
			name = Release;
		};
		B52137F323DA96EA00861566 /* Debug */ = {
			isa = XCBuildConfiguration;
			buildSettings = {
				ALWAYS_EMBED_SWIFT_STANDARD_LIBRARIES = YES;
				CODE_SIGN_STYLE = Automatic;
				INFOPLIST_FILE = BE_UIKitUITests/Info.plist;
				LD_RUNPATH_SEARCH_PATHS = (
					"$(inherited)",
					"@executable_path/Frameworks",
					"@loader_path/Frameworks",
				);
				PRODUCT_BUNDLE_IDENTIFIER = "com.gred.leetcode.BE-UIKitUITests";
				PRODUCT_NAME = "$(TARGET_NAME)";
				SWIFT_VERSION = 5.0;
				TARGETED_DEVICE_FAMILY = "1,2";
				TEST_TARGET_NAME = BE_UIKit;
			};
			name = Debug;
		};
		B52137F423DA96EA00861566 /* Release */ = {
			isa = XCBuildConfiguration;
			buildSettings = {
				ALWAYS_EMBED_SWIFT_STANDARD_LIBRARIES = YES;
				CODE_SIGN_STYLE = Automatic;
				INFOPLIST_FILE = BE_UIKitUITests/Info.plist;
				LD_RUNPATH_SEARCH_PATHS = (
					"$(inherited)",
					"@executable_path/Frameworks",
					"@loader_path/Frameworks",
				);
				PRODUCT_BUNDLE_IDENTIFIER = "com.gred.leetcode.BE-UIKitUITests";
				PRODUCT_NAME = "$(TARGET_NAME)";
				SWIFT_VERSION = 5.0;
				TARGETED_DEVICE_FAMILY = "1,2";
				TEST_TARGET_NAME = BE_UIKit;
			};
			name = Release;
		};
/* End XCBuildConfiguration section */

/* Begin XCConfigurationList section */
		B52137BD23DA96E700861566 /* Build configuration list for PBXProject "BE_UIKit" */ = {
			isa = XCConfigurationList;
			buildConfigurations = (
				B52137EA23DA96EA00861566 /* Debug */,
				B52137EB23DA96EA00861566 /* Release */,
			);
			defaultConfigurationIsVisible = 0;
			defaultConfigurationName = Release;
		};
		B52137EC23DA96EA00861566 /* Build configuration list for PBXNativeTarget "BE_UIKit" */ = {
			isa = XCConfigurationList;
			buildConfigurations = (
				B52137ED23DA96EA00861566 /* Debug */,
				B52137EE23DA96EA00861566 /* Release */,
			);
			defaultConfigurationIsVisible = 0;
			defaultConfigurationName = Release;
		};
		B52137EF23DA96EA00861566 /* Build configuration list for PBXNativeTarget "BE_UIKitTests" */ = {
			isa = XCConfigurationList;
			buildConfigurations = (
				B52137F023DA96EA00861566 /* Debug */,
				B52137F123DA96EA00861566 /* Release */,
			);
			defaultConfigurationIsVisible = 0;
			defaultConfigurationName = Release;
		};
		B52137F223DA96EA00861566 /* Build configuration list for PBXNativeTarget "BE_UIKitUITests" */ = {
			isa = XCConfigurationList;
			buildConfigurations = (
				B52137F323DA96EA00861566 /* Debug */,
				B52137F423DA96EA00861566 /* Release */,
			);
			defaultConfigurationIsVisible = 0;
			defaultConfigurationName = Release;
		};
/* End XCConfigurationList section */
	};
	rootObject = B52137BA23DA96E700861566 /* Project object */;
}
